// !$*UTF8*$!
{
	archiveVersion = 1;
	classes = {
	};
	objectVersion = 52;
	objects = {

/* Begin PBXBuildFile section */
		5D8C84462379BC31006842D6 /* AppDelegate.swift in Sources */ = {isa = PBXBuildFile; fileRef = 5D8C84452379BC31006842D6 /* AppDelegate.swift */; };
		5D8C84482379BC32006842D6 /* SceneDelegate.swift in Sources */ = {isa = PBXBuildFile; fileRef = 5D8C84472379BC32006842D6 /* SceneDelegate.swift */; };
		5D8C844A2379BC32006842D6 /* ContentView.swift in Sources */ = {isa = PBXBuildFile; fileRef = 5D8C84492379BC32006842D6 /* ContentView.swift */; };
		5D8C844C2379BC35006842D6 /* Assets.xcassets in Resources */ = {isa = PBXBuildFile; fileRef = 5D8C844B2379BC35006842D6 /* Assets.xcassets */; };
		5D8C844F2379BC35006842D6 /* Preview Assets.xcassets in Resources */ = {isa = PBXBuildFile; fileRef = 5D8C844E2379BC35006842D6 /* Preview Assets.xcassets */; };
		5D8C84522379BC35006842D6 /* LaunchScreen.storyboard in Resources */ = {isa = PBXBuildFile; fileRef = 5D8C84502379BC35006842D6 /* LaunchScreen.storyboard */; };
		5D8C845A2379BD2D006842D6 /* MainController.swift in Sources */ = {isa = PBXBuildFile; fileRef = 5D8C84592379BD2D006842D6 /* MainController.swift */; };
		5D8C845D2379C353006842D6 /* LBTATools in Frameworks */ = {isa = PBXBuildFile; productRef = 5D8C845C2379C353006842D6 /* LBTATools */; };
		5D8C845F2379C9ED006842D6 /* PhotosGridController.swift in Sources */ = {isa = PBXBuildFile; fileRef = 5D8C845E2379C9ED006842D6 /* PhotosGridController.swift */; };
/* End PBXBuildFile section */

/* Begin PBXFileReference section */
		5D8C84422379BC31006842D6 /* LBTA Facebook.app */ = {isa = PBXFileReference; explicitFileType = wrapper.application; includeInIndex = 0; path = "LBTA Facebook.app"; sourceTree = BUILT_PRODUCTS_DIR; };
		5D8C84452379BC31006842D6 /* AppDelegate.swift */ = {isa = PBXFileReference; lastKnownFileType = sourcecode.swift; path = AppDelegate.swift; sourceTree = "<group>"; };
		5D8C84472379BC32006842D6 /* SceneDelegate.swift */ = {isa = PBXFileReference; lastKnownFileType = sourcecode.swift; path = SceneDelegate.swift; sourceTree = "<group>"; };
		5D8C84492379BC32006842D6 /* ContentView.swift */ = {isa = PBXFileReference; lastKnownFileType = sourcecode.swift; path = ContentView.swift; sourceTree = "<group>"; };
		5D8C844B2379BC35006842D6 /* Assets.xcassets */ = {isa = PBXFileReference; lastKnownFileType = folder.assetcatalog; path = Assets.xcassets; sourceTree = "<group>"; };
		5D8C844E2379BC35006842D6 /* Preview Assets.xcassets */ = {isa = PBXFileReference; lastKnownFileType = folder.assetcatalog; path = "Preview Assets.xcassets"; sourceTree = "<group>"; };
		5D8C84512379BC35006842D6 /* Base */ = {isa = PBXFileReference; lastKnownFileType = file.storyboard; name = Base; path = Base.lproj/LaunchScreen.storyboard; sourceTree = "<group>"; };
		5D8C84532379BC35006842D6 /* Info.plist */ = {isa = PBXFileReference; lastKnownFileType = text.plist.xml; path = Info.plist; sourceTree = "<group>"; };
		5D8C84592379BD2D006842D6 /* MainController.swift */ = {isa = PBXFileReference; lastKnownFileType = sourcecode.swift; path = MainController.swift; sourceTree = "<group>"; };
		5D8C845E2379C9ED006842D6 /* PhotosGridController.swift */ = {isa = PBXFileReference; lastKnownFileType = sourcecode.swift; path = PhotosGridController.swift; sourceTree = "<group>"; };
/* End PBXFileReference section */

/* Begin PBXFrameworksBuildPhase section */
		5D8C843F2379BC31006842D6 /* Frameworks */ = {
			isa = PBXFrameworksBuildPhase;
			buildActionMask = 2147483647;
			files = (
				5D8C845D2379C353006842D6 /* LBTATools in Frameworks */,
			);
			runOnlyForDeploymentPostprocessing = 0;
		};
/* End PBXFrameworksBuildPhase section */

/* Begin PBXGroup section */
		5D8C84392379BC31006842D6 = {
			isa = PBXGroup;
			children = (
				5D8C84442379BC31006842D6 /* LBTA Facebook */,
				5D8C84432379BC31006842D6 /* Products */,
			);
			sourceTree = "<group>";
		};
		5D8C84432379BC31006842D6 /* Products */ = {
			isa = PBXGroup;
			children = (
				5D8C84422379BC31006842D6 /* LBTA Facebook.app */,
			);
			name = Products;
			sourceTree = "<group>";
		};
		5D8C84442379BC31006842D6 /* LBTA Facebook */ = {
			isa = PBXGroup;
			children = (
				5D8C84452379BC31006842D6 /* AppDelegate.swift */,
				5D8C84472379BC32006842D6 /* SceneDelegate.swift */,
				5D8C84492379BC32006842D6 /* ContentView.swift */,
				5D8C844B2379BC35006842D6 /* Assets.xcassets */,
				5D8C84502379BC35006842D6 /* LaunchScreen.storyboard */,
				5D8C84532379BC35006842D6 /* Info.plist */,
				5D8C844D2379BC35006842D6 /* Preview Content */,
				5D8C84592379BD2D006842D6 /* MainController.swift */,
				5D8C845E2379C9ED006842D6 /* PhotosGridController.swift */,
			);
			path = "LBTA Facebook";
			sourceTree = "<group>";
		};
		5D8C844D2379BC35006842D6 /* Preview Content */ = {
			isa = PBXGroup;
			children = (
				5D8C844E2379BC35006842D6 /* Preview Assets.xcassets */,
			);
			path = "Preview Content";
			sourceTree = "<group>";
		};
/* End PBXGroup section */

/* Begin PBXNativeTarget section */
		5D8C84412379BC31006842D6 /* LBTA Facebook */ = {
			isa = PBXNativeTarget;
			buildConfigurationList = 5D8C84562379BC35006842D6 /* Build configuration list for PBXNativeTarget "LBTA Facebook" */;
			buildPhases = (
				5D8C843E2379BC31006842D6 /* Sources */,
				5D8C843F2379BC31006842D6 /* Frameworks */,
				5D8C84402379BC31006842D6 /* Resources */,
			);
			buildRules = (
			);
			dependencies = (
			);
			name = "LBTA Facebook";
			packageProductDependencies = (
				5D8C845C2379C353006842D6 /* LBTATools */,
			);
			productName = "LBTA Facebook";
			productReference = 5D8C84422379BC31006842D6 /* LBTA Facebook.app */;
			productType = "com.apple.product-type.application";
		};
/* End PBXNativeTarget section */

/* Begin PBXProject section */
		5D8C843A2379BC31006842D6 /* Project object */ = {
			isa = PBXProject;
			attributes = {
				LastSwiftUpdateCheck = 1120;
				LastUpgradeCheck = 1120;
				ORGANIZATIONNAME = Fuyuki;
				TargetAttributes = {
					5D8C84412379BC31006842D6 = {
						CreatedOnToolsVersion = 11.2;
					};
				};
			};
			buildConfigurationList = 5D8C843D2379BC31006842D6 /* Build configuration list for PBXProject "LBTA Facebook" */;
			compatibilityVersion = "Xcode 9.3";
			developmentRegion = en;
			hasScannedForEncodings = 0;
			knownRegions = (
				en,
				Base,
			);
			mainGroup = 5D8C84392379BC31006842D6;
			packageReferences = (
				5D8C845B2379C353006842D6 /* XCRemoteSwiftPackageReference "LBTATools" */,
			);
			productRefGroup = 5D8C84432379BC31006842D6 /* Products */;
			projectDirPath = "";
			projectRoot = "";
			targets = (
				5D8C84412379BC31006842D6 /* LBTA Facebook */,
			);
		};
/* End PBXProject section */

/* Begin PBXResourcesBuildPhase section */
		5D8C84402379BC31006842D6 /* Resources */ = {
			isa = PBXResourcesBuildPhase;
			buildActionMask = 2147483647;
			files = (
				5D8C84522379BC35006842D6 /* LaunchScreen.storyboard in Resources */,
				5D8C844F2379BC35006842D6 /* Preview Assets.xcassets in Resources */,
				5D8C844C2379BC35006842D6 /* Assets.xcassets in Resources */,
			);
			runOnlyForDeploymentPostprocessing = 0;
		};
/* End PBXResourcesBuildPhase section */

/* Begin PBXSourcesBuildPhase section */
		5D8C843E2379BC31006842D6 /* Sources */ = {
			isa = PBXSourcesBuildPhase;
			buildActionMask = 2147483647;
			files = (
				5D8C845A2379BD2D006842D6 /* MainController.swift in Sources */,
				5D8C84462379BC31006842D6 /* AppDelegate.swift in Sources */,
				5D8C84482379BC32006842D6 /* SceneDelegate.swift in Sources */,
				5D8C845F2379C9ED006842D6 /* PhotosGridController.swift in Sources */,
				5D8C844A2379BC32006842D6 /* ContentView.swift in Sources */,
			);
			runOnlyForDeploymentPostprocessing = 0;
		};
/* End PBXSourcesBuildPhase section */

/* Begin PBXVariantGroup section */
		5D8C84502379BC35006842D6 /* LaunchScreen.storyboard */ = {
			isa = PBXVariantGroup;
			children = (
				5D8C84512379BC35006842D6 /* Base */,
			);
			name = LaunchScreen.storyboard;
			sourceTree = "<group>";
		};
/* End PBXVariantGroup section */

/* Begin XCBuildConfiguration section */
		5D8C84542379BC35006842D6 /* Debug */ = {
			isa = XCBuildConfiguration;
			buildSettings = {
				ALWAYS_SEARCH_USER_PATHS = NO;
				CLANG_ANALYZER_NONNULL = YES;
				CLANG_ANALYZER_NUMBER_OBJECT_CONVERSION = YES_AGGRESSIVE;
				CLANG_CXX_LANGUAGE_STANDARD = "gnu++14";
				CLANG_CXX_LIBRARY = "libc++";
				CLANG_ENABLE_MODULES = YES;
				CLANG_ENABLE_OBJC_ARC = YES;
				CLANG_ENABLE_OBJC_WEAK = YES;
				CLANG_WARN_BLOCK_CAPTURE_AUTORELEASING = YES;
				CLANG_WARN_BOOL_CONVERSION = YES;
				CLANG_WARN_COMMA = YES;
				CLANG_WARN_CONSTANT_CONVERSION = YES;
				CLANG_WARN_DEPRECATED_OBJC_IMPLEMENTATIONS = YES;
				CLANG_WARN_DIRECT_OBJC_ISA_USAGE = YES_ERROR;
				CLANG_WARN_DOCUMENTATION_COMMENTS = YES;
				CLANG_WARN_EMPTY_BODY = YES;
				CLANG_WARN_ENUM_CONVERSION = YES;
				CLANG_WARN_INFINITE_RECURSION = YES;
				CLANG_WARN_INT_CONVERSION = YES;
				CLANG_WARN_NON_LITERAL_NULL_CONVERSION = YES;
				CLANG_WARN_OBJC_IMPLICIT_RETAIN_SELF = YES;
				CLANG_WARN_OBJC_LITERAL_CONVERSION = YES;
				CLANG_WARN_OBJC_ROOT_CLASS = YES_ERROR;
				CLANG_WARN_RANGE_LOOP_ANALYSIS = YES;
				CLANG_WARN_STRICT_PROTOTYPES = YES;
				CLANG_WARN_SUSPICIOUS_MOVE = YES;
				CLANG_WARN_UNGUARDED_AVAILABILITY = YES_AGGRESSIVE;
				CLANG_WARN_UNREACHABLE_CODE = YES;
				CLANG_WARN__DUPLICATE_METHOD_MATCH = YES;
				COPY_PHASE_STRIP = NO;
				DEBUG_INFORMATION_FORMAT = dwarf;
				ENABLE_STRICT_OBJC_MSGSEND = YES;
				ENABLE_TESTABILITY = YES;
				GCC_C_LANGUAGE_STANDARD = gnu11;
				GCC_DYNAMIC_NO_PIC = NO;
				GCC_NO_COMMON_BLOCKS = YES;
				GCC_OPTIMIZATION_LEVEL = 0;
				GCC_PREPROCESSOR_DEFINITIONS = (
					"DEBUG=1",
					"$(inherited)",
				);
				GCC_WARN_64_TO_32_BIT_CONVERSION = YES;
				GCC_WARN_ABOUT_RETURN_TYPE = YES_ERROR;
				GCC_WARN_UNDECLARED_SELECTOR = YES;
				GCC_WARN_UNINITIALIZED_AUTOS = YES_AGGRESSIVE;
				GCC_WARN_UNUSED_FUNCTION = YES;
				GCC_WARN_UNUSED_VARIABLE = YES;
				IPHONEOS_DEPLOYMENT_TARGET = 13.2;
				MTL_ENABLE_DEBUG_INFO = INCLUDE_SOURCE;
				MTL_FAST_MATH = YES;
				ONLY_ACTIVE_ARCH = YES;
				SDKROOT = iphoneos;
				SWIFT_ACTIVE_COMPILATION_CONDITIONS = DEBUG;
				SWIFT_OPTIMIZATION_LEVEL = "-Onone";
			};
			name = Debug;
		};
		5D8C84552379BC35006842D6 /* Release */ = {
			isa = XCBuildConfiguration;
			buildSettings = {
				ALWAYS_SEARCH_USER_PATHS = NO;
				CLANG_ANALYZER_NONNULL = YES;
				CLANG_ANALYZER_NUMBER_OBJECT_CONVERSION = YES_AGGRESSIVE;
				CLANG_CXX_LANGUAGE_STANDARD = "gnu++14";
				CLANG_CXX_LIBRARY = "libc++";
				CLANG_ENABLE_MODULES = YES;
				CLANG_ENABLE_OBJC_ARC = YES;
				CLANG_ENABLE_OBJC_WEAK = YES;
				CLANG_WARN_BLOCK_CAPTURE_AUTORELEASING = YES;
				CLANG_WARN_BOOL_CONVERSION = YES;
				CLANG_WARN_COMMA = YES;
				CLANG_WARN_CONSTANT_CONVERSION = YES;
				CLANG_WARN_DEPRECATED_OBJC_IMPLEMENTATIONS = YES;
				CLANG_WARN_DIRECT_OBJC_ISA_USAGE = YES_ERROR;
				CLANG_WARN_DOCUMENTATION_COMMENTS = YES;
				CLANG_WARN_EMPTY_BODY = YES;
				CLANG_WARN_ENUM_CONVERSION = YES;
				CLANG_WARN_INFINITE_RECURSION = YES;
				CLANG_WARN_INT_CONVERSION = YES;
				CLANG_WARN_NON_LITERAL_NULL_CONVERSION = YES;
				CLANG_WARN_OBJC_IMPLICIT_RETAIN_SELF = YES;
				CLANG_WARN_OBJC_LITERAL_CONVERSION = YES;
				CLANG_WARN_OBJC_ROOT_CLASS = YES_ERROR;
				CLANG_WARN_RANGE_LOOP_ANALYSIS = YES;
				CLANG_WARN_STRICT_PROTOTYPES = YES;
				CLANG_WARN_SUSPICIOUS_MOVE = YES;
				CLANG_WARN_UNGUARDED_AVAILABILITY = YES_AGGRESSIVE;
				CLANG_WARN_UNREACHABLE_CODE = YES;
				CLANG_WARN__DUPLICATE_METHOD_MATCH = YES;
				COPY_PHASE_STRIP = NO;
				DEBUG_INFORMATION_FORMAT = "dwarf-with-dsym";
				ENABLE_NS_ASSERTIONS = NO;
				ENABLE_STRICT_OBJC_MSGSEND = YES;
				GCC_C_LANGUAGE_STANDARD = gnu11;
				GCC_NO_COMMON_BLOCKS = YES;
				GCC_WARN_64_TO_32_BIT_CONVERSION = YES;
				GCC_WARN_ABOUT_RETURN_TYPE = YES_ERROR;
				GCC_WARN_UNDECLARED_SELECTOR = YES;
				GCC_WARN_UNINITIALIZED_AUTOS = YES_AGGRESSIVE;
				GCC_WARN_UNUSED_FUNCTION = YES;
				GCC_WARN_UNUSED_VARIABLE = YES;
				IPHONEOS_DEPLOYMENT_TARGET = 13.2;
				MTL_ENABLE_DEBUG_INFO = NO;
				MTL_FAST_MATH = YES;
				SDKROOT = iphoneos;
				SWIFT_COMPILATION_MODE = wholemodule;
				SWIFT_OPTIMIZATION_LEVEL = "-O";
				VALIDATE_PRODUCT = YES;
			};
			name = Release;
		};
		5D8C84572379BC35006842D6 /* Debug */ = {
			isa = XCBuildConfiguration;
			buildSettings = {
				ASSETCATALOG_COMPILER_APPICON_NAME = AppIcon;
				CODE_SIGN_STYLE = Automatic;
				DEVELOPMENT_ASSET_PATHS = "\"LBTA Facebook/Preview Content\"";
				ENABLE_PREVIEWS = YES;
				INFOPLIST_FILE = "LBTA Facebook/Info.plist";
				LD_RUNPATH_SEARCH_PATHS = (
					"$(inherited)",
					"@executable_path/Frameworks",
				);
				PRODUCT_BUNDLE_IDENTIFIER = "com.doubttech.LBTA-Facebook";
				PRODUCT_NAME = "$(TARGET_NAME)";
				SWIFT_VERSION = 5.0;
				TARGETED_DEVICE_FAMILY = "1,2";
			};
			name = Debug;
		};
		5D8C84582379BC35006842D6 /* Release */ = {
			isa = XCBuildConfiguration;
			buildSettings = {
				ASSETCATALOG_COMPILER_APPICON_NAME = AppIcon;
				CODE_SIGN_STYLE = Automatic;
				DEVELOPMENT_ASSET_PATHS = "\"LBTA Facebook/Preview Content\"";
				ENABLE_PREVIEWS = YES;
				INFOPLIST_FILE = "LBTA Facebook/Info.plist";
				LD_RUNPATH_SEARCH_PATHS = (
					"$(inherited)",
					"@executable_path/Frameworks",
				);
				PRODUCT_BUNDLE_IDENTIFIER = "com.doubttech.LBTA-Facebook";
				PRODUCT_NAME = "$(TARGET_NAME)";
				SWIFT_VERSION = 5.0;
				TARGETED_DEVICE_FAMILY = "1,2";
			};
			name = Release;
		};
/* End XCBuildConfiguration section */

/* Begin XCConfigurationList section */
		5D8C843D2379BC31006842D6 /* Build configuration list for PBXProject "LBTA Facebook" */ = {
			isa = XCConfigurationList;
			buildConfigurations = (
				5D8C84542379BC35006842D6 /* Debug */,
				5D8C84552379BC35006842D6 /* Release */,
			);
			defaultConfigurationIsVisible = 0;
			defaultConfigurationName = Release;
		};
		5D8C84562379BC35006842D6 /* Build configuration list for PBXNativeTarget "LBTA Facebook" */ = {
			isa = XCConfigurationList;
			buildConfigurations = (
				5D8C84572379BC35006842D6 /* Debug */,
				5D8C84582379BC35006842D6 /* Release */,
			);
			defaultConfigurationIsVisible = 0;
			defaultConfigurationName = Release;
		};
/* End XCConfigurationList section */

/* Begin XCRemoteSwiftPackageReference section */
		5D8C845B2379C353006842D6 /* XCRemoteSwiftPackageReference "LBTATools" */ = {
			isa = XCRemoteSwiftPackageReference;
			repositoryURL = "https://github.com/bhlvoong/LBTATools.git";
			requirement = {
				kind = upToNextMajorVersion;
				minimumVersion = 1.0.12;
			};
		};
/* End XCRemoteSwiftPackageReference section */

/* Begin XCSwiftPackageProductDependency section */
		5D8C845C2379C353006842D6 /* LBTATools */ = {
			isa = XCSwiftPackageProductDependency;
			package = 5D8C845B2379C353006842D6 /* XCRemoteSwiftPackageReference "LBTATools" */;
			productName = LBTATools;
		};
/* End XCSwiftPackageProductDependency section */
	};
	rootObject = 5D8C843A2379BC31006842D6 /* Project object */;
}
